
Microsoft Visual Studio Solution File, Format Version 12.00
# Visual Studio 15
VisualStudioVersion = 15.0.26228.12
MinimumVisualStudioVersion = 10.0.40219.1
Project("{FAE04EC0-301F-11D3-BF4B-00C04F79EFBC}") = "WebAssembly", "WebAssembly\WebAssembly.csproj", "{E9676C8C-A671-4978-8C62-40BBA257A597}"
EndProject
Project("{FAE04EC0-301F-11D3-BF4B-00C04F79EFBC}") = "WebAssembly.Tests", "WebAssembly.Tests\WebAssembly.Tests.csproj", "{E76A6235-3CE7-4E06-ACEB-21673E59C461}"
EndProject
Project("{2150E333-8FDC-42A3-9474-1A3956D46DE8}") = "Solution Items", "Solution Items", "{40D02F4C-D45F-45BE-99DF-D1E48B7CF621}"
	ProjectSection(SolutionItems) = preProject
		.gitattributes = .gitattributes
		.gitignore = .gitignore
		LICENSE = LICENSE
	EndProjectSection
EndProject
Global
	GlobalSection(SolutionConfigurationPlatforms) = preSolution
		Debug|Any CPU = Debug|Any CPU
		Release|Any CPU = Release|Any CPU
	EndGlobalSection
	GlobalSection(ProjectConfigurationPlatforms) = postSolution
		{E9676C8C-A671-4978-8C62-40BBA257A597}.Debug|Any CPU.ActiveCfg = Debug|Any CPU
		{E9676C8C-A671-4978-8C62-40BBA257A597}.Debug|Any CPU.Build.0 = Debug|Any CPU
		{E9676C8C-A671-4978-8C62-40BBA257A597}.Release|Any CPU.ActiveCfg = Release|Any CPU
		{E9676C8C-A671-4978-8C62-40BBA257A597}.Release|Any CPU.Build.0 = Release|Any CPU
		{E76A6235-3CE7-4E06-ACEB-21673E59C461}.Debug|Any CPU.ActiveCfg = Debug|Any CPU
		{E76A6235-3CE7-4E06-ACEB-21673E59C461}.Debug|Any CPU.Build.0 = Debug|Any CPU
		{E76A6235-3CE7-4E06-ACEB-21673E59C461}.Release|Any CPU.ActiveCfg = Release|Any CPU
		{E76A6235-3CE7-4E06-ACEB-21673E59C461}.Release|Any CPU.Build.0 = Release|Any CPU
	EndGlobalSection
	GlobalSection(SolutionProperties) = preSolution
		HideSolutionNode = FALSE
	EndGlobalSection
EndGlobal
